
Microsoft Visual Studio Solution File, Format Version 12.00
# Visual Studio 15
VisualStudioVersion = 15.0.28307.757
MinimumVisualStudioVersion = 10.0.40219.1
Project("{9A19103F-16F7-4668-BE54-9A1E7A4F7556}") = "RatingCore.Api", "RatingCore.Api\RatingCore.Api.csproj", "{62FE49C5-E89E-40E2-8BBE-C9D028D53997}"
EndProject
Project("{9A19103F-16F7-4668-BE54-9A1E7A4F7556}") = "RatingCore.Data", "RatingCore.Data\RatingCore.Data.csproj", "{E8CE22E6-AA46-49ED-BC30-7D2662AA15EB}"
EndProject
Project("{FAE04EC0-301F-11D3-BF4B-00C04F79EFBC}") = "RatingCore.GoogleCP", "RatingCore.GoogleCP\RatingCore.GoogleCP.csproj", "{6E122BA5-CF35-4566-B89A-2C12AEC30861}"
EndProject
Global
	GlobalSection(SolutionConfigurationPlatforms) = preSolution
		Debug|Any CPU = Debug|Any CPU
		Release|Any CPU = Release|Any CPU
	EndGlobalSection
	GlobalSection(ProjectConfigurationPlatforms) = postSolution
		{62FE49C5-E89E-40E2-8BBE-C9D028D53997}.Debug|Any CPU.ActiveCfg = Debug|Any CPU
		{62FE49C5-E89E-40E2-8BBE-C9D028D53997}.Debug|Any CPU.Build.0 = Debug|Any CPU
		{62FE49C5-E89E-40E2-8BBE-C9D028D53997}.Release|Any CPU.ActiveCfg = Release|Any CPU
		{62FE49C5-E89E-40E2-8BBE-C9D028D53997}.Release|Any CPU.Build.0 = Release|Any CPU
		{E8CE22E6-AA46-49ED-BC30-7D2662AA15EB}.Debug|Any CPU.ActiveCfg = Debug|Any CPU
		{E8CE22E6-AA46-49ED-BC30-7D2662AA15EB}.Debug|Any CPU.Build.0 = Debug|Any CPU
		{E8CE22E6-AA46-49ED-BC30-7D2662AA15EB}.Release|Any CPU.ActiveCfg = Release|Any CPU
		{E8CE22E6-AA46-49ED-BC30-7D2662AA15EB}.Release|Any CPU.Build.0 = Release|Any CPU
		{6E122BA5-CF35-4566-B89A-2C12AEC30861}.Debug|Any CPU.ActiveCfg = Debug|Any CPU
		{6E122BA5-CF35-4566-B89A-2C12AEC30861}.Debug|Any CPU.Build.0 = Debug|Any CPU
		{6E122BA5-CF35-4566-B89A-2C12AEC30861}.Release|Any CPU.ActiveCfg = Release|Any CPU
		{6E122BA5-CF35-4566-B89A-2C12AEC30861}.Release|Any CPU.Build.0 = Release|Any CPU
	EndGlobalSection
	GlobalSection(SolutionProperties) = preSolution
		HideSolutionNode = FALSE
	EndGlobalSection
	GlobalSection(ExtensibilityGlobals) = postSolution
		SolutionGuid = {7F0180ED-0BEB-4E2B-A15D-8B304ECFAA57}
	EndGlobalSection
EndGlobal
